
Microsoft Visual Studio Solution File, Format Version 12.00
# Visual Studio Version 16
VisualStudioVersion = 16.0.809.10
MinimumVisualStudioVersion = 10.0.40219.1
Project("{FAE04EC0-301F-11D3-BF4B-00C04F79EFBC}") = "HangManAPI", "HangManAPI\HangManAPI.csproj", "{DFBBE069-BD82-419A-A34E-95CC69F092DA}"
EndProject
Global
	GlobalSection(SolutionConfigurationPlatforms) = preSolution
		Debug|Any CPU = Debug|Any CPU
		Release|Any CPU = Release|Any CPU
	EndGlobalSection
	GlobalSection(ProjectConfigurationPlatforms) = postSolution
		{DFBBE069-BD82-419A-A34E-95CC69F092DA}.Debug|Any CPU.ActiveCfg = Debug|Any CPU
		{DFBBE069-BD82-419A-A34E-95CC69F092DA}.Debug|Any CPU.Build.0 = Debug|Any CPU
		{DFBBE069-BD82-419A-A34E-95CC69F092DA}.Release|Any CPU.ActiveCfg = Release|Any CPU
		{DFBBE069-BD82-419A-A34E-95CC69F092DA}.Release|Any CPU.Build.0 = Release|Any CPU
	EndGlobalSection
	GlobalSection(SolutionProperties) = preSolution
		HideSolutionNode = FALSE
	EndGlobalSection
	GlobalSection(ExtensibilityGlobals) = postSolution
		SolutionGuid = {879FC1DD-475B-4740-A296-77BCA165F410}
	EndGlobalSection
EndGlobal
