
Microsoft Visual Studio Solution File, Format Version 12.00
# Visual Studio Version 16
VisualStudioVersion = 16.0.809.10
MinimumVisualStudioVersion = 10.0.40219.1
Project("{9A19103F-16F7-4668-BE54-9A1E7A4F7556}") = "PlannerAPI", "PlannerAPI\PlannerAPI.csproj", "{A5C59524-1A5E-4160-A5C1-F11B3F5BF09B}"
EndProject
Project("{FAE04EC0-301F-11D3-BF4B-00C04F79EFBC}") = "PlannerTests", "PlannerTests\PlannerTests.csproj", "{A27A3C40-00D4-4FF7-B9DC-39AED819916B}"
EndProject
Global
	GlobalSection(SolutionConfigurationPlatforms) = preSolution
		Debug|Any CPU = Debug|Any CPU
		Release|Any CPU = Release|Any CPU
	EndGlobalSection
	GlobalSection(ProjectConfigurationPlatforms) = postSolution
		{A5C59524-1A5E-4160-A5C1-F11B3F5BF09B}.Debug|Any CPU.ActiveCfg = Debug|Any CPU
		{A5C59524-1A5E-4160-A5C1-F11B3F5BF09B}.Debug|Any CPU.Build.0 = Debug|Any CPU
		{A5C59524-1A5E-4160-A5C1-F11B3F5BF09B}.Release|Any CPU.ActiveCfg = Release|Any CPU
		{A5C59524-1A5E-4160-A5C1-F11B3F5BF09B}.Release|Any CPU.Build.0 = Release|Any CPU
		{A27A3C40-00D4-4FF7-B9DC-39AED819916B}.Debug|Any CPU.ActiveCfg = Debug|Any CPU
		{A27A3C40-00D4-4FF7-B9DC-39AED819916B}.Debug|Any CPU.Build.0 = Debug|Any CPU
		{A27A3C40-00D4-4FF7-B9DC-39AED819916B}.Release|Any CPU.ActiveCfg = Release|Any CPU
		{A27A3C40-00D4-4FF7-B9DC-39AED819916B}.Release|Any CPU.Build.0 = Release|Any CPU
	EndGlobalSection
	GlobalSection(SolutionProperties) = preSolution
		HideSolutionNode = FALSE
	EndGlobalSection
	GlobalSection(ExtensibilityGlobals) = postSolution
		SolutionGuid = {5FBC96CE-36D7-409B-A4B7-D065B7B89916}
	EndGlobalSection
EndGlobal
