
Microsoft Visual Studio Solution File, Format Version 12.00
# Visual Studio Version 16
VisualStudioVersion = 16.0.809.10
MinimumVisualStudioVersion = 10.0.40219.1
Project("{FAE04EC0-301F-11D3-BF4B-00C04F79EFBC}") = "RoomEscape", "RoomEscape\RoomEscape.csproj", "{E626DC93-0018-47A4-AE22-F3D8093FAB7F}"
EndProject
Global
	GlobalSection(SolutionConfigurationPlatforms) = preSolution
		Debug|Any CPU = Debug|Any CPU
		Release|Any CPU = Release|Any CPU
	EndGlobalSection
	GlobalSection(ProjectConfigurationPlatforms) = postSolution
		{E626DC93-0018-47A4-AE22-F3D8093FAB7F}.Debug|Any CPU.ActiveCfg = Debug|Any CPU
		{E626DC93-0018-47A4-AE22-F3D8093FAB7F}.Debug|Any CPU.Build.0 = Debug|Any CPU
		{E626DC93-0018-47A4-AE22-F3D8093FAB7F}.Release|Any CPU.ActiveCfg = Release|Any CPU
		{E626DC93-0018-47A4-AE22-F3D8093FAB7F}.Release|Any CPU.Build.0 = Release|Any CPU
	EndGlobalSection
	GlobalSection(SolutionProperties) = preSolution
		HideSolutionNode = FALSE
	EndGlobalSection
	GlobalSection(ExtensibilityGlobals) = postSolution
		SolutionGuid = {B3852379-9BFC-479C-B07B-947A1227EC26}
	EndGlobalSection
EndGlobal
