
Microsoft Visual Studio Solution File, Format Version 12.00
# Visual Studio Version 16
VisualStudioVersion = 16.0.31410.357
MinimumVisualStudioVersion = 10.0.40219.1
Project("{FAE04EC0-301F-11D3-BF4B-00C04F79EFBC}") = "EFCourseManager", "EFCourseManager\EFCourseManager.csproj", "{22BCD9A7-9380-4239-8935-A656EC768F6D}"
EndProject
Global
	GlobalSection(SolutionConfigurationPlatforms) = preSolution
		Debug|Any CPU = Debug|Any CPU
		Release|Any CPU = Release|Any CPU
	EndGlobalSection
	GlobalSection(ProjectConfigurationPlatforms) = postSolution
		{22BCD9A7-9380-4239-8935-A656EC768F6D}.Debug|Any CPU.ActiveCfg = Debug|Any CPU
		{22BCD9A7-9380-4239-8935-A656EC768F6D}.Debug|Any CPU.Build.0 = Debug|Any CPU
		{22BCD9A7-9380-4239-8935-A656EC768F6D}.Release|Any CPU.ActiveCfg = Release|Any CPU
		{22BCD9A7-9380-4239-8935-A656EC768F6D}.Release|Any CPU.Build.0 = Release|Any CPU
	EndGlobalSection
	GlobalSection(SolutionProperties) = preSolution
		HideSolutionNode = FALSE
	EndGlobalSection
	GlobalSection(ExtensibilityGlobals) = postSolution
		SolutionGuid = {B8E3CB86-7619-45F1-A678-DA2919046702}
	EndGlobalSection
EndGlobal
