
Microsoft Visual Studio Solution File, Format Version 12.00
# Visual Studio Version 16
VisualStudioVersion = 16.0.809.10
MinimumVisualStudioVersion = 10.0.40219.1
Project("{9A19103F-16F7-4668-BE54-9A1E7A4F7556}") = "Problem3", "Problem3\Problem3.csproj", "{8C137757-9429-47CA-B05D-C7A9573CD2A2}"
EndProject
Project("{9A19103F-16F7-4668-BE54-9A1E7A4F7556}") = "Utils", "Utils\Utils.csproj", "{522B8C6F-ECEE-47EA-82D2-05630D1557DF}"
EndProject
Project("{9A19103F-16F7-4668-BE54-9A1E7A4F7556}") = "Problem4", "Problem4\Problem4.csproj", "{16DA1CB7-883F-447A-9181-CA2C355EF46D}"
EndProject
Project("{9A19103F-16F7-4668-BE54-9A1E7A4F7556}") = "Problem5", "Problem5\Problem5.csproj", "{A31505CB-1E3B-485E-9D0F-470805FD8AD0}"
EndProject
Project("{9A19103F-16F7-4668-BE54-9A1E7A4F7556}") = "Problem6", "Problem6\Problem6.csproj", "{B851DF25-7379-4617-8141-E431878E7B12}"
EndProject
Project("{9A19103F-16F7-4668-BE54-9A1E7A4F7556}") = "Problem7", "Problem7\Problem7.csproj", "{BA09CCF5-A814-458C-8E80-14014BF65159}"
EndProject
Project("{9A19103F-16F7-4668-BE54-9A1E7A4F7556}") = "Problem9", "Problem9\Problem9.csproj", "{68C64E5F-E040-47A0-B49C-ABF026A5D4C2}"
EndProject
Project("{9A19103F-16F7-4668-BE54-9A1E7A4F7556}") = "Problem10", "Problem10\Problem10.csproj", "{32323645-B1DA-4DD5-A3AC-BE6413935304}"
EndProject
Project("{9A19103F-16F7-4668-BE54-9A1E7A4F7556}") = "Problem12", "Problem12\Problem12.csproj", "{16E9E7F3-6365-4C54-A308-09D4A183A877}"
EndProject
Project("{9A19103F-16F7-4668-BE54-9A1E7A4F7556}") = "Problem18", "Problem18\Problem18.csproj", "{D4917AE1-6238-4C9A-BAC1-41E5335AE94B}"
EndProject
Project("{9A19103F-16F7-4668-BE54-9A1E7A4F7556}") = "Problem11", "Problem11\Problem11.csproj", "{A730C0F2-DED1-41B7-A620-FCB2839AD149}"
EndProject
Project("{9A19103F-16F7-4668-BE54-9A1E7A4F7556}") = "Problem27", "Problem27\Problem27.csproj", "{5BA53FEE-2D00-40BE-8884-4753934F03D6}"
EndProject
Project("{9A19103F-16F7-4668-BE54-9A1E7A4F7556}") = "Problem29", "Problem29\Problem29.csproj", "{5E619E01-2149-4152-9BFD-9DDF74689608}"
EndProject
Project("{9A19103F-16F7-4668-BE54-9A1E7A4F7556}") = "Problem22", "Problem22\Problem22.csproj", "{DBF072EC-A30E-4F3E-BB2F-751D3A4CAD1E}"
EndProject
Project("{9A19103F-16F7-4668-BE54-9A1E7A4F7556}") = "Problem15", "Problem15\Problem15.csproj", "{65BEE57B-0A56-4AB9-8DC7-FC1F6B9F7503}"
EndProject
Project("{9A19103F-16F7-4668-BE54-9A1E7A4F7556}") = "Problem19", "Problem19\Problem19.csproj", "{3621BFAA-B63F-4DF3-8C5E-4FC28739B554}"
EndProject
Project("{9A19103F-16F7-4668-BE54-9A1E7A4F7556}") = "Problem13", "Problem13\Problem13.csproj", "{00435C40-FE2B-4BD7-90C2-65FA040E2183}"
EndProject
Project("{9A19103F-16F7-4668-BE54-9A1E7A4F7556}") = "Problem16", "Problem16\Problem16.csproj", "{602FB656-7667-4681-99C7-66B91C848FE0}"
EndProject
Project("{9A19103F-16F7-4668-BE54-9A1E7A4F7556}") = "Problem17", "Problem17\Problem17.csproj", "{D68B27DA-031A-4F25-BEF3-50DB15DE6560}"
EndProject
Project("{9A19103F-16F7-4668-BE54-9A1E7A4F7556}") = "Problem24", "Problem24\Problem24.csproj", "{449A0DEB-1470-4AD2-8CE0-A1290157CC71}"
EndProject
Project("{9A19103F-16F7-4668-BE54-9A1E7A4F7556}") = "Problem43", "Problem43\Problem43.csproj", "{9F72DE0E-101B-4C16-9C08-733300DE0B1C}"
EndProject
Project("{9A19103F-16F7-4668-BE54-9A1E7A4F7556}") = "Problem26", "Problem26\Problem26.csproj", "{F549B88E-1836-4C41-B4E8-385ED5F51E46}"
EndProject
Project("{9A19103F-16F7-4668-BE54-9A1E7A4F7556}") = "Problem37", "Problem37\Problem37.csproj", "{DBB2A0F4-535A-431E-8424-BB6DA5602115}"
EndProject
Project("{9A19103F-16F7-4668-BE54-9A1E7A4F7556}") = "Problem55", "Problem55\Problem55.csproj", "{288A580E-7842-48BF-9EF9-27E299DDE49E}"
EndProject
Project("{9A19103F-16F7-4668-BE54-9A1E7A4F7556}") = "Problem41", "Problem41\Problem41.csproj", "{40CD53D4-8E06-4430-ADB5-7212F761ACAA}"
EndProject
Project("{9A19103F-16F7-4668-BE54-9A1E7A4F7556}") = "Problem47", "Problem47\Problem47.csproj", "{05293106-F865-415F-8608-FE8FCC8C513B}"
EndProject
Project("{FAE04EC0-301F-11D3-BF4B-00C04F79EFBC}") = "Problem59", "Problem59\Problem59.csproj", "{235602ED-29A3-4ABE-9D00-869029ED3E15}"
EndProject
Global
	GlobalSection(SolutionConfigurationPlatforms) = preSolution
		Debug|Any CPU = Debug|Any CPU
		Release|Any CPU = Release|Any CPU
	EndGlobalSection
	GlobalSection(ProjectConfigurationPlatforms) = postSolution
		{8C137757-9429-47CA-B05D-C7A9573CD2A2}.Debug|Any CPU.ActiveCfg = Debug|Any CPU
		{8C137757-9429-47CA-B05D-C7A9573CD2A2}.Debug|Any CPU.Build.0 = Debug|Any CPU
		{8C137757-9429-47CA-B05D-C7A9573CD2A2}.Release|Any CPU.ActiveCfg = Release|Any CPU
		{8C137757-9429-47CA-B05D-C7A9573CD2A2}.Release|Any CPU.Build.0 = Release|Any CPU
		{522B8C6F-ECEE-47EA-82D2-05630D1557DF}.Debug|Any CPU.ActiveCfg = Debug|Any CPU
		{522B8C6F-ECEE-47EA-82D2-05630D1557DF}.Debug|Any CPU.Build.0 = Debug|Any CPU
		{522B8C6F-ECEE-47EA-82D2-05630D1557DF}.Release|Any CPU.ActiveCfg = Release|Any CPU
		{522B8C6F-ECEE-47EA-82D2-05630D1557DF}.Release|Any CPU.Build.0 = Release|Any CPU
		{16DA1CB7-883F-447A-9181-CA2C355EF46D}.Debug|Any CPU.ActiveCfg = Debug|Any CPU
		{16DA1CB7-883F-447A-9181-CA2C355EF46D}.Debug|Any CPU.Build.0 = Debug|Any CPU
		{16DA1CB7-883F-447A-9181-CA2C355EF46D}.Release|Any CPU.ActiveCfg = Release|Any CPU
		{16DA1CB7-883F-447A-9181-CA2C355EF46D}.Release|Any CPU.Build.0 = Release|Any CPU
		{A31505CB-1E3B-485E-9D0F-470805FD8AD0}.Debug|Any CPU.ActiveCfg = Debug|Any CPU
		{A31505CB-1E3B-485E-9D0F-470805FD8AD0}.Debug|Any CPU.Build.0 = Debug|Any CPU
		{A31505CB-1E3B-485E-9D0F-470805FD8AD0}.Release|Any CPU.ActiveCfg = Release|Any CPU
		{A31505CB-1E3B-485E-9D0F-470805FD8AD0}.Release|Any CPU.Build.0 = Release|Any CPU
		{B851DF25-7379-4617-8141-E431878E7B12}.Debug|Any CPU.ActiveCfg = Debug|Any CPU
		{B851DF25-7379-4617-8141-E431878E7B12}.Debug|Any CPU.Build.0 = Debug|Any CPU
		{B851DF25-7379-4617-8141-E431878E7B12}.Release|Any CPU.ActiveCfg = Release|Any CPU
		{B851DF25-7379-4617-8141-E431878E7B12}.Release|Any CPU.Build.0 = Release|Any CPU
		{BA09CCF5-A814-458C-8E80-14014BF65159}.Debug|Any CPU.ActiveCfg = Debug|Any CPU
		{BA09CCF5-A814-458C-8E80-14014BF65159}.Debug|Any CPU.Build.0 = Debug|Any CPU
		{BA09CCF5-A814-458C-8E80-14014BF65159}.Release|Any CPU.ActiveCfg = Release|Any CPU
		{BA09CCF5-A814-458C-8E80-14014BF65159}.Release|Any CPU.Build.0 = Release|Any CPU
		{68C64E5F-E040-47A0-B49C-ABF026A5D4C2}.Debug|Any CPU.ActiveCfg = Debug|Any CPU
		{68C64E5F-E040-47A0-B49C-ABF026A5D4C2}.Debug|Any CPU.Build.0 = Debug|Any CPU
		{68C64E5F-E040-47A0-B49C-ABF026A5D4C2}.Release|Any CPU.ActiveCfg = Release|Any CPU
		{68C64E5F-E040-47A0-B49C-ABF026A5D4C2}.Release|Any CPU.Build.0 = Release|Any CPU
		{32323645-B1DA-4DD5-A3AC-BE6413935304}.Debug|Any CPU.ActiveCfg = Debug|Any CPU
		{32323645-B1DA-4DD5-A3AC-BE6413935304}.Debug|Any CPU.Build.0 = Debug|Any CPU
		{32323645-B1DA-4DD5-A3AC-BE6413935304}.Release|Any CPU.ActiveCfg = Release|Any CPU
		{32323645-B1DA-4DD5-A3AC-BE6413935304}.Release|Any CPU.Build.0 = Release|Any CPU
		{16E9E7F3-6365-4C54-A308-09D4A183A877}.Debug|Any CPU.ActiveCfg = Debug|Any CPU
		{16E9E7F3-6365-4C54-A308-09D4A183A877}.Debug|Any CPU.Build.0 = Debug|Any CPU
		{16E9E7F3-6365-4C54-A308-09D4A183A877}.Release|Any CPU.ActiveCfg = Release|Any CPU
		{16E9E7F3-6365-4C54-A308-09D4A183A877}.Release|Any CPU.Build.0 = Release|Any CPU
		{D4917AE1-6238-4C9A-BAC1-41E5335AE94B}.Debug|Any CPU.ActiveCfg = Debug|Any CPU
		{D4917AE1-6238-4C9A-BAC1-41E5335AE94B}.Debug|Any CPU.Build.0 = Debug|Any CPU
		{D4917AE1-6238-4C9A-BAC1-41E5335AE94B}.Release|Any CPU.ActiveCfg = Release|Any CPU
		{D4917AE1-6238-4C9A-BAC1-41E5335AE94B}.Release|Any CPU.Build.0 = Release|Any CPU
		{A730C0F2-DED1-41B7-A620-FCB2839AD149}.Debug|Any CPU.ActiveCfg = Debug|Any CPU
		{A730C0F2-DED1-41B7-A620-FCB2839AD149}.Debug|Any CPU.Build.0 = Debug|Any CPU
		{A730C0F2-DED1-41B7-A620-FCB2839AD149}.Release|Any CPU.ActiveCfg = Release|Any CPU
		{A730C0F2-DED1-41B7-A620-FCB2839AD149}.Release|Any CPU.Build.0 = Release|Any CPU
		{5BA53FEE-2D00-40BE-8884-4753934F03D6}.Debug|Any CPU.ActiveCfg = Debug|Any CPU
		{5BA53FEE-2D00-40BE-8884-4753934F03D6}.Debug|Any CPU.Build.0 = Debug|Any CPU
		{5BA53FEE-2D00-40BE-8884-4753934F03D6}.Release|Any CPU.ActiveCfg = Release|Any CPU
		{5BA53FEE-2D00-40BE-8884-4753934F03D6}.Release|Any CPU.Build.0 = Release|Any CPU
		{5E619E01-2149-4152-9BFD-9DDF74689608}.Debug|Any CPU.ActiveCfg = Debug|Any CPU
		{5E619E01-2149-4152-9BFD-9DDF74689608}.Debug|Any CPU.Build.0 = Debug|Any CPU
		{5E619E01-2149-4152-9BFD-9DDF74689608}.Release|Any CPU.ActiveCfg = Release|Any CPU
		{5E619E01-2149-4152-9BFD-9DDF74689608}.Release|Any CPU.Build.0 = Release|Any CPU
		{DBF072EC-A30E-4F3E-BB2F-751D3A4CAD1E}.Debug|Any CPU.ActiveCfg = Debug|Any CPU
		{DBF072EC-A30E-4F3E-BB2F-751D3A4CAD1E}.Debug|Any CPU.Build.0 = Debug|Any CPU
		{DBF072EC-A30E-4F3E-BB2F-751D3A4CAD1E}.Release|Any CPU.ActiveCfg = Release|Any CPU
		{DBF072EC-A30E-4F3E-BB2F-751D3A4CAD1E}.Release|Any CPU.Build.0 = Release|Any CPU
		{65BEE57B-0A56-4AB9-8DC7-FC1F6B9F7503}.Debug|Any CPU.ActiveCfg = Debug|Any CPU
		{65BEE57B-0A56-4AB9-8DC7-FC1F6B9F7503}.Debug|Any CPU.Build.0 = Debug|Any CPU
		{65BEE57B-0A56-4AB9-8DC7-FC1F6B9F7503}.Release|Any CPU.ActiveCfg = Release|Any CPU
		{65BEE57B-0A56-4AB9-8DC7-FC1F6B9F7503}.Release|Any CPU.Build.0 = Release|Any CPU
		{3621BFAA-B63F-4DF3-8C5E-4FC28739B554}.Debug|Any CPU.ActiveCfg = Debug|Any CPU
		{3621BFAA-B63F-4DF3-8C5E-4FC28739B554}.Debug|Any CPU.Build.0 = Debug|Any CPU
		{3621BFAA-B63F-4DF3-8C5E-4FC28739B554}.Release|Any CPU.ActiveCfg = Release|Any CPU
		{3621BFAA-B63F-4DF3-8C5E-4FC28739B554}.Release|Any CPU.Build.0 = Release|Any CPU
		{00435C40-FE2B-4BD7-90C2-65FA040E2183}.Debug|Any CPU.ActiveCfg = Debug|Any CPU
		{00435C40-FE2B-4BD7-90C2-65FA040E2183}.Debug|Any CPU.Build.0 = Debug|Any CPU
		{00435C40-FE2B-4BD7-90C2-65FA040E2183}.Release|Any CPU.ActiveCfg = Release|Any CPU
		{00435C40-FE2B-4BD7-90C2-65FA040E2183}.Release|Any CPU.Build.0 = Release|Any CPU
		{602FB656-7667-4681-99C7-66B91C848FE0}.Debug|Any CPU.ActiveCfg = Debug|Any CPU
		{602FB656-7667-4681-99C7-66B91C848FE0}.Debug|Any CPU.Build.0 = Debug|Any CPU
		{602FB656-7667-4681-99C7-66B91C848FE0}.Release|Any CPU.ActiveCfg = Release|Any CPU
		{602FB656-7667-4681-99C7-66B91C848FE0}.Release|Any CPU.Build.0 = Release|Any CPU
		{D68B27DA-031A-4F25-BEF3-50DB15DE6560}.Debug|Any CPU.ActiveCfg = Debug|Any CPU
		{D68B27DA-031A-4F25-BEF3-50DB15DE6560}.Debug|Any CPU.Build.0 = Debug|Any CPU
		{D68B27DA-031A-4F25-BEF3-50DB15DE6560}.Release|Any CPU.ActiveCfg = Release|Any CPU
		{D68B27DA-031A-4F25-BEF3-50DB15DE6560}.Release|Any CPU.Build.0 = Release|Any CPU
		{449A0DEB-1470-4AD2-8CE0-A1290157CC71}.Debug|Any CPU.ActiveCfg = Debug|Any CPU
		{449A0DEB-1470-4AD2-8CE0-A1290157CC71}.Debug|Any CPU.Build.0 = Debug|Any CPU
		{449A0DEB-1470-4AD2-8CE0-A1290157CC71}.Release|Any CPU.ActiveCfg = Release|Any CPU
		{449A0DEB-1470-4AD2-8CE0-A1290157CC71}.Release|Any CPU.Build.0 = Release|Any CPU
		{9F72DE0E-101B-4C16-9C08-733300DE0B1C}.Debug|Any CPU.ActiveCfg = Debug|Any CPU
		{9F72DE0E-101B-4C16-9C08-733300DE0B1C}.Debug|Any CPU.Build.0 = Debug|Any CPU
		{9F72DE0E-101B-4C16-9C08-733300DE0B1C}.Release|Any CPU.ActiveCfg = Release|Any CPU
		{9F72DE0E-101B-4C16-9C08-733300DE0B1C}.Release|Any CPU.Build.0 = Release|Any CPU
		{F549B88E-1836-4C41-B4E8-385ED5F51E46}.Debug|Any CPU.ActiveCfg = Debug|Any CPU
		{F549B88E-1836-4C41-B4E8-385ED5F51E46}.Debug|Any CPU.Build.0 = Debug|Any CPU
		{F549B88E-1836-4C41-B4E8-385ED5F51E46}.Release|Any CPU.ActiveCfg = Release|Any CPU
		{F549B88E-1836-4C41-B4E8-385ED5F51E46}.Release|Any CPU.Build.0 = Release|Any CPU
		{DBB2A0F4-535A-431E-8424-BB6DA5602115}.Debug|Any CPU.ActiveCfg = Debug|Any CPU
		{DBB2A0F4-535A-431E-8424-BB6DA5602115}.Debug|Any CPU.Build.0 = Debug|Any CPU
		{DBB2A0F4-535A-431E-8424-BB6DA5602115}.Release|Any CPU.ActiveCfg = Release|Any CPU
		{DBB2A0F4-535A-431E-8424-BB6DA5602115}.Release|Any CPU.Build.0 = Release|Any CPU
		{288A580E-7842-48BF-9EF9-27E299DDE49E}.Debug|Any CPU.ActiveCfg = Debug|Any CPU
		{288A580E-7842-48BF-9EF9-27E299DDE49E}.Debug|Any CPU.Build.0 = Debug|Any CPU
		{288A580E-7842-48BF-9EF9-27E299DDE49E}.Release|Any CPU.ActiveCfg = Release|Any CPU
		{288A580E-7842-48BF-9EF9-27E299DDE49E}.Release|Any CPU.Build.0 = Release|Any CPU
		{40CD53D4-8E06-4430-ADB5-7212F761ACAA}.Debug|Any CPU.ActiveCfg = Debug|Any CPU
		{40CD53D4-8E06-4430-ADB5-7212F761ACAA}.Debug|Any CPU.Build.0 = Debug|Any CPU
		{40CD53D4-8E06-4430-ADB5-7212F761ACAA}.Release|Any CPU.ActiveCfg = Release|Any CPU
		{40CD53D4-8E06-4430-ADB5-7212F761ACAA}.Release|Any CPU.Build.0 = Release|Any CPU
		{05293106-F865-415F-8608-FE8FCC8C513B}.Debug|Any CPU.ActiveCfg = Debug|Any CPU
		{05293106-F865-415F-8608-FE8FCC8C513B}.Debug|Any CPU.Build.0 = Debug|Any CPU
		{05293106-F865-415F-8608-FE8FCC8C513B}.Release|Any CPU.ActiveCfg = Release|Any CPU
		{05293106-F865-415F-8608-FE8FCC8C513B}.Release|Any CPU.Build.0 = Release|Any CPU
		{235602ED-29A3-4ABE-9D00-869029ED3E15}.Debug|Any CPU.ActiveCfg = Debug|Any CPU
		{235602ED-29A3-4ABE-9D00-869029ED3E15}.Debug|Any CPU.Build.0 = Debug|Any CPU
		{235602ED-29A3-4ABE-9D00-869029ED3E15}.Release|Any CPU.ActiveCfg = Release|Any CPU
		{235602ED-29A3-4ABE-9D00-869029ED3E15}.Release|Any CPU.Build.0 = Release|Any CPU
	EndGlobalSection
	GlobalSection(SolutionProperties) = preSolution
		HideSolutionNode = FALSE
	EndGlobalSection
	GlobalSection(ExtensibilityGlobals) = postSolution
		SolutionGuid = {F07DC190-AF6F-454B-8B3B-A3827380B793}
	EndGlobalSection
EndGlobal
